
Microsoft Visual Studio Solution File, Format Version 12.00
# Visual Studio Version 17
VisualStudioVersion = 17.1.32421.90
MinimumVisualStudioVersion = 10.0.40219.1
Project("{FAE04EC0-301F-11D3-BF4B-00C04F79EFBC}") = "program_to_ guess_number", "program_to_ guess_number\program_to_ guess_number.csproj", "{B06DAE1A-A4DA-4EE3-A2A9-860DC0DBD10B}"
EndProject
Global
	GlobalSection(SolutionConfigurationPlatforms) = preSolution
		Debug|Any CPU = Debug|Any CPU
		Release|Any CPU = Release|Any CPU
	EndGlobalSection
	GlobalSection(ProjectConfigurationPlatforms) = postSolution
		{B06DAE1A-A4DA-4EE3-A2A9-860DC0DBD10B}.Debug|Any CPU.ActiveCfg = Debug|Any CPU
		{B06DAE1A-A4DA-4EE3-A2A9-860DC0DBD10B}.Debug|Any CPU.Build.0 = Debug|Any CPU
		{B06DAE1A-A4DA-4EE3-A2A9-860DC0DBD10B}.Release|Any CPU.ActiveCfg = Release|Any CPU
		{B06DAE1A-A4DA-4EE3-A2A9-860DC0DBD10B}.Release|Any CPU.Build.0 = Release|Any CPU
	EndGlobalSection
	GlobalSection(SolutionProperties) = preSolution
		HideSolutionNode = FALSE
	EndGlobalSection
	GlobalSection(ExtensibilityGlobals) = postSolution
		SolutionGuid = {3B227ACA-8621-48D4-9288-73761135C908}
	EndGlobalSection
EndGlobal
